
Microsoft Visual Studio Solution File, Format Version 12.00
# Visual Studio Version 17
VisualStudioVersion = 17.14.36408.4 d17.14
MinimumVisualStudioVersion = 10.0.40219.1
Project("{FAE04EC0-301F-11D3-BF4B-00C04F79EFBC}") = "ChildrenOfMorta-GemsSharing", "ChildrenOfMorta-GemsSharing.csproj", "{6A223F28-0068-DE9D-B8D6-A738F7DF8150}"
EndProject
Global
	GlobalSection(SolutionConfigurationPlatforms) = preSolution
		Debug|Any CPU = Debug|Any CPU
		Release|Any CPU = Release|Any CPU
	EndGlobalSection
	GlobalSection(ProjectConfigurationPlatforms) = postSolution
		{6A223F28-0068-DE9D-B8D6-A738F7DF8150}.Debug|Any CPU.ActiveCfg = Debug|Any CPU
		{6A223F28-0068-DE9D-B8D6-A738F7DF8150}.Debug|Any CPU.Build.0 = Debug|Any CPU
		{6A223F28-0068-DE9D-B8D6-A738F7DF8150}.Release|Any CPU.ActiveCfg = Release|Any CPU
		{6A223F28-0068-DE9D-B8D6-A738F7DF8150}.Release|Any CPU.Build.0 = Release|Any CPU
	EndGlobalSection
	GlobalSection(SolutionProperties) = preSolution
		HideSolutionNode = FALSE
	EndGlobalSection
	GlobalSection(ExtensibilityGlobals) = postSolution
		SolutionGuid = {521CE10B-5A14-409A-AD83-52A69C3FF803}
	EndGlobalSection
EndGlobal
